
Microsoft Visual Studio Solution File, Format Version 12.00
# Visual Studio Version 17
VisualStudioVersion = 17.11.35017.193
MinimumVisualStudioVersion = 10.0.40219.1
Project("{FAE04EC0-301F-11D3-BF4B-00C04F79EFBC}") = "ProductAPI", "ProductAPI\ProductAPI.csproj", "{73DAEDC4-7521-4A13-8805-ECF85B697AB6}"
EndProject
Global
	GlobalSection(SolutionConfigurationPlatforms) = preSolution
		Debug|Any CPU = Debug|Any CPU
		Release|Any CPU = Release|Any CPU
	EndGlobalSection
	GlobalSection(ProjectConfigurationPlatforms) = postSolution
		{73DAEDC4-7521-4A13-8805-ECF85B697AB6}.Debug|Any CPU.ActiveCfg = Debug|Any CPU
		{73DAEDC4-7521-4A13-8805-ECF85B697AB6}.Debug|Any CPU.Build.0 = Debug|Any CPU
		{73DAEDC4-7521-4A13-8805-ECF85B697AB6}.Release|Any CPU.ActiveCfg = Release|Any CPU
		{73DAEDC4-7521-4A13-8805-ECF85B697AB6}.Release|Any CPU.Build.0 = Release|Any CPU
	EndGlobalSection
	GlobalSection(SolutionProperties) = preSolution
		HideSolutionNode = FALSE
	EndGlobalSection
	GlobalSection(ExtensibilityGlobals) = postSolution
		SolutionGuid = {E4AC3960-913F-4EED-8276-B4D74750FFD8}
	EndGlobalSection
EndGlobal
